// !$*UTF8*$!
{
	archiveVersion = 1;
	classes = {
	};
	objectVersion = 55;
	objects = {

/* Begin PBXBuildFile section */
		63388819291E4A310096BD0F /* AppDelegate.swift in Sources */ = {isa = PBXBuildFile; fileRef = 63388818291E4A310096BD0F /* AppDelegate.swift */; };
		6338881B291E4A310096BD0F /* SceneDelegate.swift in Sources */ = {isa = PBXBuildFile; fileRef = 6338881A291E4A310096BD0F /* SceneDelegate.swift */; };
		6338881D291E4A310096BD0F /* ViewController.swift in Sources */ = {isa = PBXBuildFile; fileRef = 6338881C291E4A310096BD0F /* ViewController.swift */; };
		63388820291E4A310096BD0F /* Main.storyboard in Resources */ = {isa = PBXBuildFile; fileRef = 6338881E291E4A310096BD0F /* Main.storyboard */; };
		63388825291E4A330096BD0F /* LaunchScreen.storyboard in Resources */ = {isa = PBXBuildFile; fileRef = 63388823291E4A330096BD0F /* LaunchScreen.storyboard */; };
		636E88912925F70A00028FFA /* Appfile in Resources */ = {isa = PBXBuildFile; fileRef = 636E888F2925F70A00028FFA /* Appfile */; };
		636E88922925F70A00028FFA /* Fastfile in Resources */ = {isa = PBXBuildFile; fileRef = 636E88902925F70A00028FFA /* Fastfile */; };
		63AFDE5A292601D500342515 /* FastlaneBasicsUITests.swift in Sources */ = {isa = PBXBuildFile; fileRef = 63AFDE59292601D500342515 /* FastlaneBasicsUITests.swift */; };
		63AFDE5C292601D500342515 /* FastlaneBasicsUITestsLaunchTests.swift in Sources */ = {isa = PBXBuildFile; fileRef = 63AFDE5B292601D500342515 /* FastlaneBasicsUITestsLaunchTests.swift */; };
		63AFDE62292601E200342515 /* SnapshotHelper.swift in Sources */ = {isa = PBXBuildFile; fileRef = 6338883D291E85F70096BD0F /* SnapshotHelper.swift */; };
		63AFDE73292613E100342515 /* Asset.xcassets in Resources */ = {isa = PBXBuildFile; fileRef = 63AFDE72292613E100342515 /* Asset.xcassets */; };
/* End PBXBuildFile section */

/* Begin PBXContainerItemProxy section */
		63AFDE5D292601D500342515 /* PBXContainerItemProxy */ = {
			isa = PBXContainerItemProxy;
			containerPortal = 6338880D291E4A310096BD0F /* Project object */;
			proxyType = 1;
			remoteGlobalIDString = 63388814291E4A310096BD0F;
			remoteInfo = FastlaneBasics;
		};
/* End PBXContainerItemProxy section */

/* Begin PBXFileReference section */
		63388815291E4A310096BD0F /* FastlaneBasics.app */ = {isa = PBXFileReference; explicitFileType = wrapper.application; includeInIndex = 0; path = FastlaneBasics.app; sourceTree = BUILT_PRODUCTS_DIR; };
		63388818291E4A310096BD0F /* AppDelegate.swift */ = {isa = PBXFileReference; lastKnownFileType = sourcecode.swift; path = AppDelegate.swift; sourceTree = "<group>"; };
		6338881A291E4A310096BD0F /* SceneDelegate.swift */ = {isa = PBXFileReference; lastKnownFileType = sourcecode.swift; path = SceneDelegate.swift; sourceTree = "<group>"; };
		6338881C291E4A310096BD0F /* ViewController.swift */ = {isa = PBXFileReference; lastKnownFileType = sourcecode.swift; path = ViewController.swift; sourceTree = "<group>"; };
		6338881F291E4A310096BD0F /* Base */ = {isa = PBXFileReference; lastKnownFileType = file.storyboard; name = Base; path = Base.lproj/Main.storyboard; sourceTree = "<group>"; };
		63388824291E4A330096BD0F /* Base */ = {isa = PBXFileReference; lastKnownFileType = file.storyboard; name = Base; path = Base.lproj/LaunchScreen.storyboard; sourceTree = "<group>"; };
		63388826291E4A330096BD0F /* Info.plist */ = {isa = PBXFileReference; lastKnownFileType = text.plist.xml; path = Info.plist; sourceTree = "<group>"; };
		6338883D291E85F70096BD0F /* SnapshotHelper.swift */ = {isa = PBXFileReference; fileEncoding = 4; lastKnownFileType = sourcecode.swift; name = SnapshotHelper.swift; path = FastlaneBasicsUITests/SnapshotHelper.swift; sourceTree = SOURCE_ROOT; };
		636E888F2925F70A00028FFA /* Appfile */ = {isa = PBXFileReference; fileEncoding = 4; lastKnownFileType = text; name = Appfile; path = fastlane/Appfile; sourceTree = "<group>"; };
		636E88902925F70A00028FFA /* Fastfile */ = {isa = PBXFileReference; fileEncoding = 4; lastKnownFileType = text; name = Fastfile; path = fastlane/Fastfile; sourceTree = "<group>"; };
		63AFDE57292601D500342515 /* FastlaneBasicsUITests.xctest */ = {isa = PBXFileReference; explicitFileType = wrapper.cfbundle; includeInIndex = 0; path = FastlaneBasicsUITests.xctest; sourceTree = BUILT_PRODUCTS_DIR; };
		63AFDE59292601D500342515 /* FastlaneBasicsUITests.swift */ = {isa = PBXFileReference; lastKnownFileType = sourcecode.swift; path = FastlaneBasicsUITests.swift; sourceTree = "<group>"; };
		63AFDE5B292601D500342515 /* FastlaneBasicsUITestsLaunchTests.swift */ = {isa = PBXFileReference; lastKnownFileType = sourcecode.swift; path = FastlaneBasicsUITestsLaunchTests.swift; sourceTree = "<group>"; };
		63AFDE72292613E100342515 /* Asset.xcassets */ = {isa = PBXFileReference; lastKnownFileType = folder.assetcatalog; path = Asset.xcassets; sourceTree = "<group>"; };
/* End PBXFileReference section */

/* Begin PBXFrameworksBuildPhase section */
		63388812291E4A310096BD0F /* Frameworks */ = {
			isa = PBXFrameworksBuildPhase;
			buildActionMask = 2147483647;
			files = (
			);
			runOnlyForDeploymentPostprocessing = 0;
		};
		63AFDE54292601D500342515 /* Frameworks */ = {
			isa = PBXFrameworksBuildPhase;
			buildActionMask = 2147483647;
			files = (
			);
			runOnlyForDeploymentPostprocessing = 0;
		};
/* End PBXFrameworksBuildPhase section */

/* Begin PBXGroup section */
		6338880C291E4A310096BD0F = {
			isa = PBXGroup;
			children = (
				636E888F2925F70A00028FFA /* Appfile */,
				636E88902925F70A00028FFA /* Fastfile */,
				63388817291E4A310096BD0F /* FastlaneBasics */,
				63AFDE58292601D500342515 /* FastlaneBasicsUITests */,
				63388816291E4A310096BD0F /* Products */,
			);
			sourceTree = "<group>";
		};
		63388816291E4A310096BD0F /* Products */ = {
			isa = PBXGroup;
			children = (
				63388815291E4A310096BD0F /* FastlaneBasics.app */,
				63AFDE57292601D500342515 /* FastlaneBasicsUITests.xctest */,
			);
			name = Products;
			sourceTree = "<group>";
		};
		63388817291E4A310096BD0F /* FastlaneBasics */ = {
			isa = PBXGroup;
			children = (
				63388818291E4A310096BD0F /* AppDelegate.swift */,
				6338881A291E4A310096BD0F /* SceneDelegate.swift */,
				6338881C291E4A310096BD0F /* ViewController.swift */,
				63AFDE72292613E100342515 /* Asset.xcassets */,
				6338881E291E4A310096BD0F /* Main.storyboard */,
				63388823291E4A330096BD0F /* LaunchScreen.storyboard */,
				63388826291E4A330096BD0F /* Info.plist */,
			);
			path = FastlaneBasics;
			sourceTree = "<group>";
		};
		63AFDE58292601D500342515 /* FastlaneBasicsUITests */ = {
			isa = PBXGroup;
			children = (
				6338883D291E85F70096BD0F /* SnapshotHelper.swift */,
				63AFDE59292601D500342515 /* FastlaneBasicsUITests.swift */,
				63AFDE5B292601D500342515 /* FastlaneBasicsUITestsLaunchTests.swift */,
			);
			path = FastlaneBasicsUITests;
			sourceTree = "<group>";
		};
/* End PBXGroup section */

/* Begin PBXNativeTarget section */
		63388814291E4A310096BD0F /* FastlaneBasics */ = {
			isa = PBXNativeTarget;
			buildConfigurationList = 63388829291E4A330096BD0F /* Build configuration list for PBXNativeTarget "FastlaneBasics" */;
			buildPhases = (
				63388811291E4A310096BD0F /* Sources */,
				63388812291E4A310096BD0F /* Frameworks */,
				63388813291E4A310096BD0F /* Resources */,
			);
			buildRules = (
			);
			dependencies = (
			);
			name = FastlaneBasics;
			productName = FastlaneBasics;
			productReference = 63388815291E4A310096BD0F /* FastlaneBasics.app */;
			productType = "com.apple.product-type.application";
		};
		63AFDE56292601D500342515 /* FastlaneBasicsUITests */ = {
			isa = PBXNativeTarget;
			buildConfigurationList = 63AFDE61292601D500342515 /* Build configuration list for PBXNativeTarget "FastlaneBasicsUITests" */;
			buildPhases = (
				63AFDE53292601D500342515 /* Sources */,
				63AFDE54292601D500342515 /* Frameworks */,
				63AFDE55292601D500342515 /* Resources */,
			);
			buildRules = (
			);
			dependencies = (
				63AFDE5E292601D500342515 /* PBXTargetDependency */,
			);
			name = FastlaneBasicsUITests;
			productName = FastlaneBasicsUITests;
			productReference = 63AFDE57292601D500342515 /* FastlaneBasicsUITests.xctest */;
			productType = "com.apple.product-type.bundle.ui-testing";
		};
/* End PBXNativeTarget section */

/* Begin PBXProject section */
		6338880D291E4A310096BD0F /* Project object */ = {
			isa = PBXProject;
			attributes = {
				BuildIndependentTargetsInParallel = 1;
				LastSwiftUpdateCheck = 1320;
				LastUpgradeCheck = 1320;
				TargetAttributes = {
					63388814291E4A310096BD0F = {
						CreatedOnToolsVersion = 13.2.1;
					};
					63AFDE56292601D500342515 = {
						CreatedOnToolsVersion = 13.2.1;
						TestTargetID = 63388814291E4A310096BD0F;
					};
				};
			};
			buildConfigurationList = 63388810291E4A310096BD0F /* Build configuration list for PBXProject "FastlaneBasics" */;
			compatibilityVersion = "Xcode 13.0";
			developmentRegion = en;
			hasScannedForEncodings = 0;
			knownRegions = (
				en,
				Base,
			);
			mainGroup = 6338880C291E4A310096BD0F;
			productRefGroup = 63388816291E4A310096BD0F /* Products */;
			projectDirPath = "";
			projectRoot = "";
			targets = (
				63388814291E4A310096BD0F /* FastlaneBasics */,
				63AFDE56292601D500342515 /* FastlaneBasicsUITests */,
			);
		};
/* End PBXProject section */

/* Begin PBXResourcesBuildPhase section */
		63388813291E4A310096BD0F /* Resources */ = {
			isa = PBXResourcesBuildPhase;
			buildActionMask = 2147483647;
			files = (
				63AFDE73292613E100342515 /* Asset.xcassets in Resources */,
				636E88922925F70A00028FFA /* Fastfile in Resources */,
				636E88912925F70A00028FFA /* Appfile in Resources */,
				63388825291E4A330096BD0F /* LaunchScreen.storyboard in Resources */,
				63388820291E4A310096BD0F /* Main.storyboard in Resources */,
			);
			runOnlyForDeploymentPostprocessing = 0;
		};
		63AFDE55292601D500342515 /* Resources */ = {
			isa = PBXResourcesBuildPhase;
			buildActionMask = 2147483647;
			files = (
			);
			runOnlyForDeploymentPostprocessing = 0;
		};
/* End PBXResourcesBuildPhase section */

/* Begin PBXSourcesBuildPhase section */
		63388811291E4A310096BD0F /* Sources */ = {
			isa = PBXSourcesBuildPhase;
			buildActionMask = 2147483647;
			files = (
				6338881D291E4A310096BD0F /* ViewController.swift in Sources */,
				63388819291E4A310096BD0F /* AppDelegate.swift in Sources */,
				6338881B291E4A310096BD0F /* SceneDelegate.swift in Sources */,
			);
			runOnlyForDeploymentPostprocessing = 0;
		};
		63AFDE53292601D500342515 /* Sources */ = {
			isa = PBXSourcesBuildPhase;
			buildActionMask = 2147483647;
			files = (
				63AFDE5A292601D500342515 /* FastlaneBasicsUITests.swift in Sources */,
				63AFDE5C292601D500342515 /* FastlaneBasicsUITestsLaunchTests.swift in Sources */,
				63AFDE62292601E200342515 /* SnapshotHelper.swift in Sources */,
			);
			runOnlyForDeploymentPostprocessing = 0;
		};
/* End PBXSourcesBuildPhase section */

/* Begin PBXTargetDependency section */
		63AFDE5E292601D500342515 /* PBXTargetDependency */ = {
			isa = PBXTargetDependency;
			target = 63388814291E4A310096BD0F /* FastlaneBasics */;
			targetProxy = 63AFDE5D292601D500342515 /* PBXContainerItemProxy */;
		};
/* End PBXTargetDependency section */

/* Begin PBXVariantGroup section */
		6338881E291E4A310096BD0F /* Main.storyboard */ = {
			isa = PBXVariantGroup;
			children = (
				6338881F291E4A310096BD0F /* Base */,
			);
			name = Main.storyboard;
			sourceTree = "<group>";
		};
		63388823291E4A330096BD0F /* LaunchScreen.storyboard */ = {
			isa = PBXVariantGroup;
			children = (
				63388824291E4A330096BD0F /* Base */,
			);
			name = LaunchScreen.storyboard;
			sourceTree = "<group>";
		};
/* End PBXVariantGroup section */

/* Begin XCBuildConfiguration section */
		63388827291E4A330096BD0F /* Debug */ = {
			isa = XCBuildConfiguration;
			buildSettings = {
				ALWAYS_SEARCH_USER_PATHS = NO;
				CLANG_ANALYZER_NONNULL = YES;
				CLANG_ANALYZER_NUMBER_OBJECT_CONVERSION = YES_AGGRESSIVE;
				CLANG_CXX_LANGUAGE_STANDARD = "gnu++17";
				CLANG_CXX_LIBRARY = "libc++";
				CLANG_ENABLE_MODULES = YES;
				CLANG_ENABLE_OBJC_ARC = YES;
				CLANG_ENABLE_OBJC_WEAK = YES;
				CLANG_WARN_BLOCK_CAPTURE_AUTORELEASING = YES;
				CLANG_WARN_BOOL_CONVERSION = YES;
				CLANG_WARN_COMMA = YES;
				CLANG_WARN_CONSTANT_CONVERSION = YES;
				CLANG_WARN_DEPRECATED_OBJC_IMPLEMENTATIONS = YES;
				CLANG_WARN_DIRECT_OBJC_ISA_USAGE = YES_ERROR;
				CLANG_WARN_DOCUMENTATION_COMMENTS = YES;
				CLANG_WARN_EMPTY_BODY = YES;
				CLANG_WARN_ENUM_CONVERSION = YES;
				CLANG_WARN_INFINITE_RECURSION = YES;
				CLANG_WARN_INT_CONVERSION = YES;
				CLANG_WARN_NON_LITERAL_NULL_CONVERSION = YES;
				CLANG_WARN_OBJC_IMPLICIT_RETAIN_SELF = YES;
				CLANG_WARN_OBJC_LITERAL_CONVERSION = YES;
				CLANG_WARN_OBJC_ROOT_CLASS = YES_ERROR;
				CLANG_WARN_QUOTED_INCLUDE_IN_FRAMEWORK_HEADER = YES;
				CLANG_WARN_RANGE_LOOP_ANALYSIS = YES;
				CLANG_WARN_STRICT_PROTOTYPES = YES;
				CLANG_WARN_SUSPICIOUS_MOVE = YES;
				CLANG_WARN_UNGUARDED_AVAILABILITY = YES_AGGRESSIVE;
				CLANG_WARN_UNREACHABLE_CODE = YES;
				CLANG_WARN__DUPLICATE_METHOD_MATCH = YES;
				COPY_PHASE_STRIP = NO;
				DEBUG_INFORMATION_FORMAT = dwarf;
				ENABLE_STRICT_OBJC_MSGSEND = YES;
				ENABLE_TESTABILITY = YES;
				GCC_C_LANGUAGE_STANDARD = gnu11;
				GCC_DYNAMIC_NO_PIC = NO;
				GCC_NO_COMMON_BLOCKS = YES;
				GCC_OPTIMIZATION_LEVEL = 0;
				GCC_PREPROCESSOR_DEFINITIONS = (
					"DEBUG=1",
					"$(inherited)",
				);
				GCC_WARN_64_TO_32_BIT_CONVERSION = YES;
				GCC_WARN_ABOUT_RETURN_TYPE = YES_ERROR;
				GCC_WARN_UNDECLARED_SELECTOR = YES;
				GCC_WARN_UNINITIALIZED_AUTOS = YES_AGGRESSIVE;
				GCC_WARN_UNUSED_FUNCTION = YES;
				GCC_WARN_UNUSED_VARIABLE = YES;
				IPHONEOS_DEPLOYMENT_TARGET = 15.2;
				MTL_ENABLE_DEBUG_INFO = INCLUDE_SOURCE;
				MTL_FAST_MATH = YES;
				ONLY_ACTIVE_ARCH = YES;
				SDKROOT = iphoneos;
				SWIFT_ACTIVE_COMPILATION_CONDITIONS = DEBUG;
				SWIFT_OPTIMIZATION_LEVEL = "-Onone";
			};
			name = Debug;
		};
		63388828291E4A330096BD0F /* Release */ = {
			isa = XCBuildConfiguration;
			buildSettings = {
				ALWAYS_SEARCH_USER_PATHS = NO;
				CLANG_ANALYZER_NONNULL = YES;
				CLANG_ANALYZER_NUMBER_OBJECT_CONVERSION = YES_AGGRESSIVE;
				CLANG_CXX_LANGUAGE_STANDARD = "gnu++17";
				CLANG_CXX_LIBRARY = "libc++";
				CLANG_ENABLE_MODULES = YES;
				CLANG_ENABLE_OBJC_ARC = YES;
				CLANG_ENABLE_OBJC_WEAK = YES;
				CLANG_WARN_BLOCK_CAPTURE_AUTORELEASING = YES;
				CLANG_WARN_BOOL_CONVERSION = YES;
				CLANG_WARN_COMMA = YES;
				CLANG_WARN_CONSTANT_CONVERSION = YES;
				CLANG_WARN_DEPRECATED_OBJC_IMPLEMENTATIONS = YES;
				CLANG_WARN_DIRECT_OBJC_ISA_USAGE = YES_ERROR;
				CLANG_WARN_DOCUMENTATION_COMMENTS = YES;
				CLANG_WARN_EMPTY_BODY = YES;
				CLANG_WARN_ENUM_CONVERSION = YES;
				CLANG_WARN_INFINITE_RECURSION = YES;
				CLANG_WARN_INT_CONVERSION = YES;
				CLANG_WARN_NON_LITERAL_NULL_CONVERSION = YES;
				CLANG_WARN_OBJC_IMPLICIT_RETAIN_SELF = YES;
				CLANG_WARN_OBJC_LITERAL_CONVERSION = YES;
				CLANG_WARN_OBJC_ROOT_CLASS = YES_ERROR;
				CLANG_WARN_QUOTED_INCLUDE_IN_FRAMEWORK_HEADER = YES;
				CLANG_WARN_RANGE_LOOP_ANALYSIS = YES;
				CLANG_WARN_STRICT_PROTOTYPES = YES;
				CLANG_WARN_SUSPICIOUS_MOVE = YES;
				CLANG_WARN_UNGUARDED_AVAILABILITY = YES_AGGRESSIVE;
				CLANG_WARN_UNREACHABLE_CODE = YES;
				CLANG_WARN__DUPLICATE_METHOD_MATCH = YES;
				COPY_PHASE_STRIP = NO;
				DEBUG_INFORMATION_FORMAT = "dwarf-with-dsym";
				ENABLE_NS_ASSERTIONS = NO;
				ENABLE_STRICT_OBJC_MSGSEND = YES;
				GCC_C_LANGUAGE_STANDARD = gnu11;
				GCC_NO_COMMON_BLOCKS = YES;
				GCC_WARN_64_TO_32_BIT_CONVERSION = YES;
				GCC_WARN_ABOUT_RETURN_TYPE = YES_ERROR;
				GCC_WARN_UNDECLARED_SELECTOR = YES;
				GCC_WARN_UNINITIALIZED_AUTOS = YES_AGGRESSIVE;
				GCC_WARN_UNUSED_FUNCTION = YES;
				GCC_WARN_UNUSED_VARIABLE = YES;
				IPHONEOS_DEPLOYMENT_TARGET = 15.2;
				MTL_ENABLE_DEBUG_INFO = NO;
				MTL_FAST_MATH = YES;
				SDKROOT = iphoneos;
				SWIFT_COMPILATION_MODE = wholemodule;
				SWIFT_OPTIMIZATION_LEVEL = "-O";
				VALIDATE_PRODUCT = YES;
			};
			name = Release;
		};
		6338882A291E4A330096BD0F /* Debug */ = {
			isa = XCBuildConfiguration;
			buildSettings = {
				ASSETCATALOG_COMPILER_APPICON_NAME = AppIcon;
				ASSETCATALOG_COMPILER_GLOBAL_ACCENT_COLOR_NAME = AccentColor;
				ASSETCATALOG_COMPILER_INCLUDE_ALL_APPICON_ASSETS = YES;
				CODE_SIGN_IDENTITY = "iPhone Distribution";
				CODE_SIGN_STYLE = Manual;
				CURRENT_PROJECT_VERSION = 18;
				DEVELOPMENT_TEAM = 7224G6JACN;
				GENERATE_INFOPLIST_FILE = YES;
				INFOPLIST_FILE = FastlaneBasics/Info.plist;
				INFOPLIST_KEY_UIApplicationSupportsIndirectInputEvents = YES;
				INFOPLIST_KEY_UILaunchStoryboardName = LaunchScreen;
				INFOPLIST_KEY_UIMainStoryboardFile = Main;
				INFOPLIST_KEY_UISupportedInterfaceOrientations_iPad = "UIInterfaceOrientationPortrait UIInterfaceOrientationPortraitUpsideDown UIInterfaceOrientationLandscapeLeft UIInterfaceOrientationLandscapeRight";
				INFOPLIST_KEY_UISupportedInterfaceOrientations_iPhone = "UIInterfaceOrientationPortrait UIInterfaceOrientationLandscapeLeft UIInterfaceOrientationLandscapeRight";
				IPHONEOS_DEPLOYMENT_TARGET = 14.0;
				LD_RUNPATH_SEARCH_PATHS = (
					"$(inherited)",
					"@executable_path/Frameworks",
				);
				MARKETING_VERSION = 1.0;
				PRODUCT_BUNDLE_IDENTIFIER = com.mi.all;
				PRODUCT_NAME = "$(TARGET_NAME)";
				PROVISIONING_PROFILE_SPECIFIER = GenricBundleLiveProfileForTesting;
				SWIFT_EMIT_LOC_STRINGS = YES;
				SWIFT_VERSION = 5.0;
				TARGETED_DEVICE_FAMILY = "1,2";
			};
			name = Debug;
		};
		6338882B291E4A330096BD0F /* Release */ = {
			isa = XCBuildConfiguration;
			buildSettings = {
				ASSETCATALOG_COMPILER_APPICON_NAME = AppIcon;
				ASSETCATALOG_COMPILER_GLOBAL_ACCENT_COLOR_NAME = AccentColor;
				ASSETCATALOG_COMPILER_INCLUDE_ALL_APPICON_ASSETS = YES;
				CODE_SIGN_IDENTITY = "iPhone Distribution";
				CODE_SIGN_STYLE = Manual;
				CURRENT_PROJECT_VERSION = 18;
				DEVELOPMENT_TEAM = 7224G6JACN;
				GENERATE_INFOPLIST_FILE = YES;
				INFOPLIST_FILE = FastlaneBasics/Info.plist;
				INFOPLIST_KEY_UIApplicationSupportsIndirectInputEvents = YES;
				INFOPLIST_KEY_UILaunchStoryboardName = LaunchScreen;
				INFOPLIST_KEY_UIMainStoryboardFile = Main;
				INFOPLIST_KEY_UISupportedInterfaceOrientations_iPad = "UIInterfaceOrientationPortrait UIInterfaceOrientationPortraitUpsideDown UIInterfaceOrientationLandscapeLeft UIInterfaceOrientationLandscapeRight";
				INFOPLIST_KEY_UISupportedInterfaceOrientations_iPhone = "UIInterfaceOrientationPortrait UIInterfaceOrientationLandscapeLeft UIInterfaceOrientationLandscapeRight";
				IPHONEOS_DEPLOYMENT_TARGET = 14.0;
				LD_RUNPATH_SEARCH_PATHS = (
					"$(inherited)",
					"@executable_path/Frameworks",
				);
				MARKETING_VERSION = 1.0;
				PRODUCT_BUNDLE_IDENTIFIER = com.mi.all;
				PRODUCT_NAME = "$(TARGET_NAME)";
				PROVISIONING_PROFILE_SPECIFIER = GenricBundleLiveProfileForTesting;
				SWIFT_EMIT_LOC_STRINGS = YES;
				SWIFT_VERSION = 5.0;
				TARGETED_DEVICE_FAMILY = "1,2";
			};
			name = Release;
		};
		63AFDE5F292601D500342515 /* Debug */ = {
			isa = XCBuildConfiguration;
			buildSettings = {
				CODE_SIGN_STYLE = Automatic;
				CURRENT_PROJECT_VERSION = 18;
				DEVELOPMENT_TEAM = 7224G6JACN;
				GENERATE_INFOPLIST_FILE = YES;
				MARKETING_VERSION = 1.0;
				PRODUCT_BUNDLE_IDENTIFIER = com.mi.all.FastlaneBasicsUITests;
				PRODUCT_NAME = "$(TARGET_NAME)";
				SWIFT_EMIT_LOC_STRINGS = NO;
				SWIFT_VERSION = 5.0;
				TARGETED_DEVICE_FAMILY = "1,2";
				TEST_TARGET_NAME = FastlaneBasics;
			};
			name = Debug;
		};
		63AFDE60292601D500342515 /* Release */ = {
			isa = XCBuildConfiguration;
			buildSettings = {
				CODE_SIGN_STYLE = Automatic;
				CURRENT_PROJECT_VERSION = 18;
				DEVELOPMENT_TEAM = 7224G6JACN;
				GENERATE_INFOPLIST_FILE = YES;
				MARKETING_VERSION = 1.0;
				PRODUCT_BUNDLE_IDENTIFIER = com.mi.all.FastlaneBasicsUITests;
				PRODUCT_NAME = "$(TARGET_NAME)";
				SWIFT_EMIT_LOC_STRINGS = NO;
				SWIFT_VERSION = 5.0;
				TARGETED_DEVICE_FAMILY = "1,2";
				TEST_TARGET_NAME = FastlaneBasics;
			};
			name = Release;
		};
/* End XCBuildConfiguration section */

/* Begin XCConfigurationList section */
		63388810291E4A310096BD0F /* Build configuration list for PBXProject "FastlaneBasics" */ = {
			isa = XCConfigurationList;
			buildConfigurations = (
				63388827291E4A330096BD0F /* Debug */,
				63388828291E4A330096BD0F /* Release */,
			);
			defaultConfigurationIsVisible = 0;
			defaultConfigurationName = Release;
		};
		63388829291E4A330096BD0F /* Build configuration list for PBXNativeTarget "FastlaneBasics" */ = {
			isa = XCConfigurationList;
			buildConfigurations = (
				6338882A291E4A330096BD0F /* Debug */,
				6338882B291E4A330096BD0F /* Release */,
			);
			defaultConfigurationIsVisible = 0;
			defaultConfigurationName = Release;
		};
		63AFDE61292601D500342515 /* Build configuration list for PBXNativeTarget "FastlaneBasicsUITests" */ = {
			isa = XCConfigurationList;
			buildConfigurations = (
				63AFDE5F292601D500342515 /* Debug */,
				63AFDE60292601D500342515 /* Release */,
			);
			defaultConfigurationIsVisible = 0;
			defaultConfigurationName = Release;
		};
/* End XCConfigurationList section */
	};
	rootObject = 6338880D291E4A310096BD0F /* Project object */;
}
